// !$*UTF8*$!
{
	archiveVersion = 1;
	classes = {
	};
	objectVersion = 56;
	objects = {

/* Begin PBXBuildFile section */
		182FE0FA2A27423A00B468C2 /* AppDelegate.swift in Sources */ = {isa = PBXBuildFile; fileRef = 182FE0F92A27423A00B468C2 /* AppDelegate.swift */; };
		182FE0FC2A27423A00B468C2 /* SceneDelegate.swift in Sources */ = {isa = PBXBuildFile; fileRef = 182FE0FB2A27423A00B468C2 /* SceneDelegate.swift */; };
		182FE0FE2A27423A00B468C2 /* ViewController.swift in Sources */ = {isa = PBXBuildFile; fileRef = 182FE0FD2A27423A00B468C2 /* ViewController.swift */; };
		182FE1012A27423A00B468C2 /* Main.storyboard in Resources */ = {isa = PBXBuildFile; fileRef = 182FE0FF2A27423A00B468C2 /* Main.storyboard */; };
		182FE1032A27423C00B468C2 /* Assets.xcassets in Resources */ = {isa = PBXBuildFile; fileRef = 182FE1022A27423C00B468C2 /* Assets.xcassets */; };
		182FE1062A27423C00B468C2 /* LaunchScreen.storyboard in Resources */ = {isa = PBXBuildFile; fileRef = 182FE1042A27423C00B468C2 /* LaunchScreen.storyboard */; };
		182FE1182A27475100B468C2 /* nssl0049.jpg in Resources */ = {isa = PBXBuildFile; fileRef = 182FE10E2A27475000B468C2 /* nssl0049.jpg */; };
		182FE1192A27475100B468C2 /* nssl0046.jpg in Resources */ = {isa = PBXBuildFile; fileRef = 182FE10F2A27475000B468C2 /* nssl0046.jpg */; };
		182FE11A2A27475100B468C2 /* nssl0091.jpg in Resources */ = {isa = PBXBuildFile; fileRef = 182FE1102A27475000B468C2 /* nssl0091.jpg */; };
		182FE11B2A27475100B468C2 /* nssl0045.jpg in Resources */ = {isa = PBXBuildFile; fileRef = 182FE1112A27475000B468C2 /* nssl0045.jpg */; };
		182FE11C2A27475100B468C2 /* nssl0051.jpg in Resources */ = {isa = PBXBuildFile; fileRef = 182FE1122A27475000B468C2 /* nssl0051.jpg */; };
		182FE11D2A27475100B468C2 /* nssl0041.jpg in Resources */ = {isa = PBXBuildFile; fileRef = 182FE1132A27475000B468C2 /* nssl0041.jpg */; };
		182FE11E2A27475100B468C2 /* nssl0042.jpg in Resources */ = {isa = PBXBuildFile; fileRef = 182FE1142A27475000B468C2 /* nssl0042.jpg */; };
		182FE11F2A27475100B468C2 /* nssl0043.jpg in Resources */ = {isa = PBXBuildFile; fileRef = 182FE1152A27475000B468C2 /* nssl0043.jpg */; };
		182FE1202A27475100B468C2 /* nssl0033.jpg in Resources */ = {isa = PBXBuildFile; fileRef = 182FE1162A27475000B468C2 /* nssl0033.jpg */; };
		182FE1212A27475100B468C2 /* nssl0034.jpg in Resources */ = {isa = PBXBuildFile; fileRef = 182FE1172A27475000B468C2 /* nssl0034.jpg */; };
		18DEC3B42A347E1800A20674 /* DetailViewController.swift in Sources */ = {isa = PBXBuildFile; fileRef = 18DEC3B32A347E1800A20674 /* DetailViewController.swift */; };
/* End PBXBuildFile section */

/* Begin PBXFileReference section */
		182FE0F62A27423A00B468C2 /* Project1.app */ = {isa = PBXFileReference; explicitFileType = wrapper.application; includeInIndex = 0; path = Project1.app; sourceTree = BUILT_PRODUCTS_DIR; };
		182FE0F92A27423A00B468C2 /* AppDelegate.swift */ = {isa = PBXFileReference; lastKnownFileType = sourcecode.swift; path = AppDelegate.swift; sourceTree = "<group>"; };
		182FE0FB2A27423A00B468C2 /* SceneDelegate.swift */ = {isa = PBXFileReference; lastKnownFileType = sourcecode.swift; path = SceneDelegate.swift; sourceTree = "<group>"; };
		182FE0FD2A27423A00B468C2 /* ViewController.swift */ = {isa = PBXFileReference; lastKnownFileType = sourcecode.swift; path = ViewController.swift; sourceTree = "<group>"; };
		182FE1002A27423A00B468C2 /* Base */ = {isa = PBXFileReference; lastKnownFileType = file.storyboard; name = Base; path = Base.lproj/Main.storyboard; sourceTree = "<group>"; };
		182FE1022A27423C00B468C2 /* Assets.xcassets */ = {isa = PBXFileReference; lastKnownFileType = folder.assetcatalog; path = Assets.xcassets; sourceTree = "<group>"; };
		182FE1052A27423C00B468C2 /* Base */ = {isa = PBXFileReference; lastKnownFileType = file.storyboard; name = Base; path = Base.lproj/LaunchScreen.storyboard; sourceTree = "<group>"; };
		182FE1072A27423C00B468C2 /* Info.plist */ = {isa = PBXFileReference; lastKnownFileType = text.plist.xml; path = Info.plist; sourceTree = "<group>"; };
		182FE10E2A27475000B468C2 /* nssl0049.jpg */ = {isa = PBXFileReference; lastKnownFileType = image.jpeg; path = nssl0049.jpg; sourceTree = "<group>"; };
		182FE10F2A27475000B468C2 /* nssl0046.jpg */ = {isa = PBXFileReference; lastKnownFileType = image.jpeg; path = nssl0046.jpg; sourceTree = "<group>"; };
		182FE1102A27475000B468C2 /* nssl0091.jpg */ = {isa = PBXFileReference; lastKnownFileType = image.jpeg; path = nssl0091.jpg; sourceTree = "<group>"; };
		182FE1112A27475000B468C2 /* nssl0045.jpg */ = {isa = PBXFileReference; lastKnownFileType = image.jpeg; path = nssl0045.jpg; sourceTree = "<group>"; };
		182FE1122A27475000B468C2 /* nssl0051.jpg */ = {isa = PBXFileReference; lastKnownFileType = image.jpeg; path = nssl0051.jpg; sourceTree = "<group>"; };
		182FE1132A27475000B468C2 /* nssl0041.jpg */ = {isa = PBXFileReference; lastKnownFileType = image.jpeg; path = nssl0041.jpg; sourceTree = "<group>"; };
		182FE1142A27475000B468C2 /* nssl0042.jpg */ = {isa = PBXFileReference; lastKnownFileType = image.jpeg; path = nssl0042.jpg; sourceTree = "<group>"; };
		182FE1152A27475000B468C2 /* nssl0043.jpg */ = {isa = PBXFileReference; lastKnownFileType = image.jpeg; path = nssl0043.jpg; sourceTree = "<group>"; };
		182FE1162A27475000B468C2 /* nssl0033.jpg */ = {isa = PBXFileReference; lastKnownFileType = image.jpeg; path = nssl0033.jpg; sourceTree = "<group>"; };
		182FE1172A27475000B468C2 /* nssl0034.jpg */ = {isa = PBXFileReference; lastKnownFileType = image.jpeg; path = nssl0034.jpg; sourceTree = "<group>"; };
		18DEC3B32A347E1800A20674 /* DetailViewController.swift */ = {isa = PBXFileReference; lastKnownFileType = sourcecode.swift; path = DetailViewController.swift; sourceTree = "<group>"; };
/* End PBXFileReference section */

/* Begin PBXFrameworksBuildPhase section */
		182FE0F32A27423A00B468C2 /* Frameworks */ = {
			isa = PBXFrameworksBuildPhase;
			buildActionMask = 2147483647;
			files = (
			);
			runOnlyForDeploymentPostprocessing = 0;
		};
/* End PBXFrameworksBuildPhase section */

/* Begin PBXGroup section */
		182FE0ED2A27423A00B468C2 = {
			isa = PBXGroup;
			children = (
				182FE0F82A27423A00B468C2 /* Project1 */,
				182FE0F72A27423A00B468C2 /* Products */,
			);
			sourceTree = "<group>";
		};
		182FE0F72A27423A00B468C2 /* Products */ = {
			isa = PBXGroup;
			children = (
				182FE0F62A27423A00B468C2 /* Project1.app */,
			);
			name = Products;
			sourceTree = "<group>";
		};
		182FE0F82A27423A00B468C2 /* Project1 */ = {
			isa = PBXGroup;
			children = (
				182FE0F92A27423A00B468C2 /* AppDelegate.swift */,
				182FE0FB2A27423A00B468C2 /* SceneDelegate.swift */,
				182FE0FD2A27423A00B468C2 /* ViewController.swift */,
				182FE0FF2A27423A00B468C2 /* Main.storyboard */,
				18DEC3B32A347E1800A20674 /* DetailViewController.swift */,
				182FE1022A27423C00B468C2 /* Assets.xcassets */,
				182FE1042A27423C00B468C2 /* LaunchScreen.storyboard */,
				182FE1072A27423C00B468C2 /* Info.plist */,
				182FE10D2A27475000B468C2 /* Content */,
			);
			path = Project1;
			sourceTree = "<group>";
		};
		182FE10D2A27475000B468C2 /* Content */ = {
			isa = PBXGroup;
			children = (
				182FE10E2A27475000B468C2 /* nssl0049.jpg */,
				182FE10F2A27475000B468C2 /* nssl0046.jpg */,
				182FE1102A27475000B468C2 /* nssl0091.jpg */,
				182FE1112A27475000B468C2 /* nssl0045.jpg */,
				182FE1122A27475000B468C2 /* nssl0051.jpg */,
				182FE1132A27475000B468C2 /* nssl0041.jpg */,
				182FE1142A27475000B468C2 /* nssl0042.jpg */,
				182FE1152A27475000B468C2 /* nssl0043.jpg */,
				182FE1162A27475000B468C2 /* nssl0033.jpg */,
				182FE1172A27475000B468C2 /* nssl0034.jpg */,
			);
			path = Content;
			sourceTree = "<group>";
		};
/* End PBXGroup section */

/* Begin PBXNativeTarget section */
		182FE0F52A27423A00B468C2 /* Project1 */ = {
			isa = PBXNativeTarget;
			buildConfigurationList = 182FE10A2A27423C00B468C2 /* Build configuration list for PBXNativeTarget "Project1" */;
			buildPhases = (
				182FE0F22A27423A00B468C2 /* Sources */,
				182FE0F32A27423A00B468C2 /* Frameworks */,
				182FE0F42A27423A00B468C2 /* Resources */,
			);
			buildRules = (
			);
			dependencies = (
			);
			name = Project1;
			productName = Project1;
			productReference = 182FE0F62A27423A00B468C2 /* Project1.app */;
			productType = "com.apple.product-type.application";
		};
/* End PBXNativeTarget section */

/* Begin PBXProject section */
		182FE0EE2A27423A00B468C2 /* Project object */ = {
			isa = PBXProject;
			attributes = {
				BuildIndependentTargetsInParallel = 1;
				LastSwiftUpdateCheck = 1420;
				LastUpgradeCheck = 1420;
				TargetAttributes = {
					182FE0F52A27423A00B468C2 = {
						CreatedOnToolsVersion = 14.2;
					};
				};
			};
			buildConfigurationList = 182FE0F12A27423A00B468C2 /* Build configuration list for PBXProject "Project1" */;
			compatibilityVersion = "Xcode 14.0";
			developmentRegion = en;
			hasScannedForEncodings = 0;
			knownRegions = (
				en,
				Base,
			);
			mainGroup = 182FE0ED2A27423A00B468C2;
			productRefGroup = 182FE0F72A27423A00B468C2 /* Products */;
			projectDirPath = "";
			projectRoot = "";
			targets = (
				182FE0F52A27423A00B468C2 /* Project1 */,
			);
		};
/* End PBXProject section */

/* Begin PBXResourcesBuildPhase section */
		182FE0F42A27423A00B468C2 /* Resources */ = {
			isa = PBXResourcesBuildPhase;
			buildActionMask = 2147483647;
			files = (
				182FE1192A27475100B468C2 /* nssl0046.jpg in Resources */,
				182FE1202A27475100B468C2 /* nssl0033.jpg in Resources */,
				182FE11C2A27475100B468C2 /* nssl0051.jpg in Resources */,
				182FE11A2A27475100B468C2 /* nssl0091.jpg in Resources */,
				182FE11F2A27475100B468C2 /* nssl0043.jpg in Resources */,
				182FE1212A27475100B468C2 /* nssl0034.jpg in Resources */,
				182FE1182A27475100B468C2 /* nssl0049.jpg in Resources */,
				182FE11D2A27475100B468C2 /* nssl0041.jpg in Resources */,
				182FE11E2A27475100B468C2 /* nssl0042.jpg in Resources */,
				182FE1062A27423C00B468C2 /* LaunchScreen.storyboard in Resources */,
				182FE1032A27423C00B468C2 /* Assets.xcassets in Resources */,
				182FE11B2A27475100B468C2 /* nssl0045.jpg in Resources */,
				182FE1012A27423A00B468C2 /* Main.storyboard in Resources */,
			);
			runOnlyForDeploymentPostprocessing = 0;
		};
/* End PBXResourcesBuildPhase section */

/* Begin PBXSourcesBuildPhase section */
		182FE0F22A27423A00B468C2 /* Sources */ = {
			isa = PBXSourcesBuildPhase;
			buildActionMask = 2147483647;
			files = (
				182FE0FE2A27423A00B468C2 /* ViewController.swift in Sources */,
				182FE0FA2A27423A00B468C2 /* AppDelegate.swift in Sources */,
				182FE0FC2A27423A00B468C2 /* SceneDelegate.swift in Sources */,
				18DEC3B42A347E1800A20674 /* DetailViewController.swift in Sources */,
			);
			runOnlyForDeploymentPostprocessing = 0;
		};
/* End PBXSourcesBuildPhase section */

/* Begin PBXVariantGroup section */
		182FE0FF2A27423A00B468C2 /* Main.storyboard */ = {
			isa = PBXVariantGroup;
			children = (
				182FE1002A27423A00B468C2 /* Base */,
			);
			name = Main.storyboard;
			sourceTree = "<group>";
		};
		182FE1042A27423C00B468C2 /* LaunchScreen.storyboard */ = {
			isa = PBXVariantGroup;
			children = (
				182FE1052A27423C00B468C2 /* Base */,
			);
			name = LaunchScreen.storyboard;
			sourceTree = "<group>";
		};
/* End PBXVariantGroup section */

/* Begin XCBuildConfiguration section */
		182FE1082A27423C00B468C2 /* Debug */ = {
			isa = XCBuildConfiguration;
			buildSettings = {
				ALWAYS_SEARCH_USER_PATHS = NO;
				CLANG_ANALYZER_NONNULL = YES;
				CLANG_ANALYZER_NUMBER_OBJECT_CONVERSION = YES_AGGRESSIVE;
				CLANG_CXX_LANGUAGE_STANDARD = "gnu++20";
				CLANG_ENABLE_MODULES = YES;
				CLANG_ENABLE_OBJC_ARC = YES;
				CLANG_ENABLE_OBJC_WEAK = YES;
				CLANG_WARN_BLOCK_CAPTURE_AUTORELEASING = YES;
				CLANG_WARN_BOOL_CONVERSION = YES;
				CLANG_WARN_COMMA = YES;
				CLANG_WARN_CONSTANT_CONVERSION = YES;
				CLANG_WARN_DEPRECATED_OBJC_IMPLEMENTATIONS = YES;
				CLANG_WARN_DIRECT_OBJC_ISA_USAGE = YES_ERROR;
				CLANG_WARN_DOCUMENTATION_COMMENTS = YES;
				CLANG_WARN_EMPTY_BODY = YES;
				CLANG_WARN_ENUM_CONVERSION = YES;
				CLANG_WARN_INFINITE_RECURSION = YES;
				CLANG_WARN_INT_CONVERSION = YES;
				CLANG_WARN_NON_LITERAL_NULL_CONVERSION = YES;
				CLANG_WARN_OBJC_IMPLICIT_RETAIN_SELF = YES;
				CLANG_WARN_OBJC_LITERAL_CONVERSION = YES;
				CLANG_WARN_OBJC_ROOT_CLASS = YES_ERROR;
				CLANG_WARN_QUOTED_INCLUDE_IN_FRAMEWORK_HEADER = YES;
				CLANG_WARN_RANGE_LOOP_ANALYSIS = YES;
				CLANG_WARN_STRICT_PROTOTYPES = YES;
				CLANG_WARN_SUSPICIOUS_MOVE = YES;
				CLANG_WARN_UNGUARDED_AVAILABILITY = YES_AGGRESSIVE;
				CLANG_WARN_UNREACHABLE_CODE = YES;
				CLANG_WARN__DUPLICATE_METHOD_MATCH = YES;
				COPY_PHASE_STRIP = NO;
				DEBUG_INFORMATION_FORMAT = dwarf;
				ENABLE_STRICT_OBJC_MSGSEND = YES;
				ENABLE_TESTABILITY = YES;
				GCC_C_LANGUAGE_STANDARD = gnu11;
				GCC_DYNAMIC_NO_PIC = NO;
				GCC_NO_COMMON_BLOCKS = YES;
				GCC_OPTIMIZATION_LEVEL = 0;
				GCC_PREPROCESSOR_DEFINITIONS = (
					"DEBUG=1",
					"$(inherited)",
				);
				GCC_WARN_64_TO_32_BIT_CONVERSION = YES;
				GCC_WARN_ABOUT_RETURN_TYPE = YES_ERROR;
				GCC_WARN_UNDECLARED_SELECTOR = YES;
				GCC_WARN_UNINITIALIZED_AUTOS = YES_AGGRESSIVE;
				GCC_WARN_UNUSED_FUNCTION = YES;
				GCC_WARN_UNUSED_VARIABLE = YES;
				IPHONEOS_DEPLOYMENT_TARGET = 16.2;
				MTL_ENABLE_DEBUG_INFO = INCLUDE_SOURCE;
				MTL_FAST_MATH = YES;
				ONLY_ACTIVE_ARCH = YES;
				SDKROOT = iphoneos;
				SWIFT_ACTIVE_COMPILATION_CONDITIONS = DEBUG;
				SWIFT_OPTIMIZATION_LEVEL = "-Onone";
			};
			name = Debug;
		};
		182FE1092A27423C00B468C2 /* Release */ = {
			isa = XCBuildConfiguration;
			buildSettings = {
				ALWAYS_SEARCH_USER_PATHS = NO;
				CLANG_ANALYZER_NONNULL = YES;
				CLANG_ANALYZER_NUMBER_OBJECT_CONVERSION = YES_AGGRESSIVE;
				CLANG_CXX_LANGUAGE_STANDARD = "gnu++20";
				CLANG_ENABLE_MODULES = YES;
				CLANG_ENABLE_OBJC_ARC = YES;
				CLANG_ENABLE_OBJC_WEAK = YES;
				CLANG_WARN_BLOCK_CAPTURE_AUTORELEASING = YES;
				CLANG_WARN_BOOL_CONVERSION = YES;
				CLANG_WARN_COMMA = YES;
				CLANG_WARN_CONSTANT_CONVERSION = YES;
				CLANG_WARN_DEPRECATED_OBJC_IMPLEMENTATIONS = YES;
				CLANG_WARN_DIRECT_OBJC_ISA_USAGE = YES_ERROR;
				CLANG_WARN_DOCUMENTATION_COMMENTS = YES;
				CLANG_WARN_EMPTY_BODY = YES;
				CLANG_WARN_ENUM_CONVERSION = YES;
				CLANG_WARN_INFINITE_RECURSION = YES;
				CLANG_WARN_INT_CONVERSION = YES;
				CLANG_WARN_NON_LITERAL_NULL_CONVERSION = YES;
				CLANG_WARN_OBJC_IMPLICIT_RETAIN_SELF = YES;
				CLANG_WARN_OBJC_LITERAL_CONVERSION = YES;
				CLANG_WARN_OBJC_ROOT_CLASS = YES_ERROR;
				CLANG_WARN_QUOTED_INCLUDE_IN_FRAMEWORK_HEADER = YES;
				CLANG_WARN_RANGE_LOOP_ANALYSIS = YES;
				CLANG_WARN_STRICT_PROTOTYPES = YES;
				CLANG_WARN_SUSPICIOUS_MOVE = YES;
				CLANG_WARN_UNGUARDED_AVAILABILITY = YES_AGGRESSIVE;
				CLANG_WARN_UNREACHABLE_CODE = YES;
				CLANG_WARN__DUPLICATE_METHOD_MATCH = YES;
				COPY_PHASE_STRIP = NO;
				DEBUG_INFORMATION_FORMAT = "dwarf-with-dsym";
				ENABLE_NS_ASSERTIONS = NO;
				ENABLE_STRICT_OBJC_MSGSEND = YES;
				GCC_C_LANGUAGE_STANDARD = gnu11;
				GCC_NO_COMMON_BLOCKS = YES;
				GCC_WARN_64_TO_32_BIT_CONVERSION = YES;
				GCC_WARN_ABOUT_RETURN_TYPE = YES_ERROR;
				GCC_WARN_UNDECLARED_SELECTOR = YES;
				GCC_WARN_UNINITIALIZED_AUTOS = YES_AGGRESSIVE;
				GCC_WARN_UNUSED_FUNCTION = YES;
				GCC_WARN_UNUSED_VARIABLE = YES;
				IPHONEOS_DEPLOYMENT_TARGET = 16.2;
				MTL_ENABLE_DEBUG_INFO = NO;
				MTL_FAST_MATH = YES;
				SDKROOT = iphoneos;
				SWIFT_COMPILATION_MODE = wholemodule;
				SWIFT_OPTIMIZATION_LEVEL = "-O";
				VALIDATE_PRODUCT = YES;
			};
			name = Release;
		};
		182FE10B2A27423C00B468C2 /* Debug */ = {
			isa = XCBuildConfiguration;
			buildSettings = {
				ASSETCATALOG_COMPILER_APPICON_NAME = AppIcon;
				ASSETCATALOG_COMPILER_GLOBAL_ACCENT_COLOR_NAME = AccentColor;
				CODE_SIGN_STYLE = Automatic;
				CURRENT_PROJECT_VERSION = 1;
				DEVELOPMENT_TEAM = 29PZSKJHV7;
				GENERATE_INFOPLIST_FILE = YES;
				INFOPLIST_FILE = Project1/Info.plist;
				INFOPLIST_KEY_UIApplicationSupportsIndirectInputEvents = YES;
				INFOPLIST_KEY_UILaunchStoryboardName = LaunchScreen;
				INFOPLIST_KEY_UIMainStoryboardFile = Main;
				INFOPLIST_KEY_UISupportedInterfaceOrientations_iPad = "UIInterfaceOrientationPortrait UIInterfaceOrientationPortraitUpsideDown UIInterfaceOrientationLandscapeLeft UIInterfaceOrientationLandscapeRight";
				INFOPLIST_KEY_UISupportedInterfaceOrientations_iPhone = "UIInterfaceOrientationPortrait UIInterfaceOrientationLandscapeLeft UIInterfaceOrientationLandscapeRight";
				LD_RUNPATH_SEARCH_PATHS = (
					"$(inherited)",
					"@executable_path/Frameworks",
				);
				MARKETING_VERSION = 1.0;
				PRODUCT_BUNDLE_IDENTIFIER = com.natelycon.Project1;
				PRODUCT_NAME = "$(TARGET_NAME)";
				SWIFT_EMIT_LOC_STRINGS = YES;
				SWIFT_VERSION = 5.0;
				TARGETED_DEVICE_FAMILY = "1,2";
			};
			name = Debug;
		};
		182FE10C2A27423C00B468C2 /* Release */ = {
			isa = XCBuildConfiguration;
			buildSettings = {
				ASSETCATALOG_COMPILER_APPICON_NAME = AppIcon;
				ASSETCATALOG_COMPILER_GLOBAL_ACCENT_COLOR_NAME = AccentColor;
				CODE_SIGN_STYLE = Automatic;
				CURRENT_PROJECT_VERSION = 1;
				DEVELOPMENT_TEAM = 29PZSKJHV7;
				GENERATE_INFOPLIST_FILE = YES;
				INFOPLIST_FILE = Project1/Info.plist;
				INFOPLIST_KEY_UIApplicationSupportsIndirectInputEvents = YES;
				INFOPLIST_KEY_UILaunchStoryboardName = LaunchScreen;
				INFOPLIST_KEY_UIMainStoryboardFile = Main;
				INFOPLIST_KEY_UISupportedInterfaceOrientations_iPad = "UIInterfaceOrientationPortrait UIInterfaceOrientationPortraitUpsideDown UIInterfaceOrientationLandscapeLeft UIInterfaceOrientationLandscapeRight";
				INFOPLIST_KEY_UISupportedInterfaceOrientations_iPhone = "UIInterfaceOrientationPortrait UIInterfaceOrientationLandscapeLeft UIInterfaceOrientationLandscapeRight";
				LD_RUNPATH_SEARCH_PATHS = (
					"$(inherited)",
					"@executable_path/Frameworks",
				);
				MARKETING_VERSION = 1.0;
				PRODUCT_BUNDLE_IDENTIFIER = com.natelycon.Project1;
				PRODUCT_NAME = "$(TARGET_NAME)";
				SWIFT_EMIT_LOC_STRINGS = YES;
				SWIFT_VERSION = 5.0;
				TARGETED_DEVICE_FAMILY = "1,2";
			};
			name = Release;
		};
/* End XCBuildConfiguration section */

/* Begin XCConfigurationList section */
		182FE0F12A27423A00B468C2 /* Build configuration list for PBXProject "Project1" */ = {
			isa = XCConfigurationList;
			buildConfigurations = (
				182FE1082A27423C00B468C2 /* Debug */,
				182FE1092A27423C00B468C2 /* Release */,
			);
			defaultConfigurationIsVisible = 0;
			defaultConfigurationName = Release;
		};
		182FE10A2A27423C00B468C2 /* Build configuration list for PBXNativeTarget "Project1" */ = {
			isa = XCConfigurationList;
			buildConfigurations = (
				182FE10B2A27423C00B468C2 /* Debug */,
				182FE10C2A27423C00B468C2 /* Release */,
			);
			defaultConfigurationIsVisible = 0;
			defaultConfigurationName = Release;
		};
/* End XCConfigurationList section */
	};
	rootObject = 182FE0EE2A27423A00B468C2 /* Project object */;
}
